
Microsoft Visual Studio Solution File, Format Version 12.00
# Visual Studio 2013
VisualStudioVersion = 12.0.40629.0
MinimumVisualStudioVersion = 10.0.40219.1
Project("{FAE04EC0-301F-11D3-BF4B-00C04F79EFBC}") = "TNotepad", "TNotepad\TNotepad.csproj", "{0D7C5D5A-18EF-4636-9FCA-42273762840A}"
	ProjectSection(ProjectDependencies) = postProject
		{911E557F-7487-4180-869A-6AD4D9459ABC} = {911E557F-7487-4180-869A-6AD4D9459ABC}
	EndProjectSection
EndProject
Project("{FAE04EC0-301F-11D3-BF4B-00C04F79EFBC}") = "InitPlugin", "Plugins\Test\InitPlugin.csproj", "{911E557F-7487-4180-869A-6AD4D9459ABC}"
EndProject
Project("{FAE04EC0-301F-11D3-BF4B-00C04F79EFBC}") = "Installer", "Installer\Installer.csproj", "{C83C701D-C0FD-47E3-8A3D-37D939AD00C3}"
EndProject
Global
	GlobalSection(SolutionConfigurationPlatforms) = preSolution
		Debug|Any CPU = Debug|Any CPU
		Release|Any CPU = Release|Any CPU
	EndGlobalSection
	GlobalSection(ProjectConfigurationPlatforms) = postSolution
		{0D7C5D5A-18EF-4636-9FCA-42273762840A}.Debug|Any CPU.ActiveCfg = Debug|Any CPU
		{0D7C5D5A-18EF-4636-9FCA-42273762840A}.Debug|Any CPU.Build.0 = Debug|Any CPU
		{0D7C5D5A-18EF-4636-9FCA-42273762840A}.Release|Any CPU.ActiveCfg = Release|Any CPU
		{0D7C5D5A-18EF-4636-9FCA-42273762840A}.Release|Any CPU.Build.0 = Release|Any CPU
		{911E557F-7487-4180-869A-6AD4D9459ABC}.Debug|Any CPU.ActiveCfg = Debug|Any CPU
		{911E557F-7487-4180-869A-6AD4D9459ABC}.Debug|Any CPU.Build.0 = Debug|Any CPU
		{911E557F-7487-4180-869A-6AD4D9459ABC}.Release|Any CPU.ActiveCfg = Release|Any CPU
		{911E557F-7487-4180-869A-6AD4D9459ABC}.Release|Any CPU.Build.0 = Release|Any CPU
		{C83C701D-C0FD-47E3-8A3D-37D939AD00C3}.Debug|Any CPU.ActiveCfg = Debug|Any CPU
		{C83C701D-C0FD-47E3-8A3D-37D939AD00C3}.Debug|Any CPU.Build.0 = Debug|Any CPU
		{C83C701D-C0FD-47E3-8A3D-37D939AD00C3}.Release|Any CPU.ActiveCfg = Release|Any CPU
		{C83C701D-C0FD-47E3-8A3D-37D939AD00C3}.Release|Any CPU.Build.0 = Release|Any CPU
	EndGlobalSection
	GlobalSection(SolutionProperties) = preSolution
		HideSolutionNode = FALSE
	EndGlobalSection
	GlobalSection(ExtensibilityGlobals) = postSolution
		SolutionGuid = {93626248-6B57-40F5-8E3E-507A27ED281F}
	EndGlobalSection
EndGlobal
